{
	"name": "node-okra",
	"version": "0.0.0",
	"lockfileVersion": 2,
	"requires": true,
	"packages": {
		"": {
			"name": "node-okra",
			"version": "0.0.0",
			"license": "MIT",
			"dependencies": {
				"detect-libc": "^2.0.1"
			},
			"devDependencies": {
				"@types/node": "^18.7.10"
			}
		},
		"node_modules/@types/node": {
			"version": "18.7.16",
			"resolved": "https://registry.npmjs.org/@types/node/-/node-18.7.16.tgz",
			"integrity": "sha512-EQHhixfu+mkqHMZl1R2Ovuvn47PUw18azMJOTwSZr9/fhzHNGXAJ0ma0dayRVchprpCj0Kc1K1xKoWaATWF1qg==",
			"dev": true
		},
		"node_modules/detect-libc": {
			"version": "2.0.1",
			"resolved": "https://registry.npmjs.org/detect-libc/-/detect-libc-2.0.1.tgz",
			"integrity": "sha512-463v3ZeIrcWtdgIg6vI6XUncguvr2TnGl4SzDXinkt9mSLpBJKXT3mW6xT3VQdDN11+WVs29pgvivTc4Lp8v+w==",
			"engines": {
				"node": ">=8"
			}
		}
	},
	"dependencies": {
		"@types/node": {
			"version": "18.7.16",
			"resolved": "https://registry.npmjs.org/@types/node/-/node-18.7.16.tgz",
			"integrity": "sha512-EQHhixfu+mkqHMZl1R2Ovuvn47PUw18azMJOTwSZr9/fhzHNGXAJ0ma0dayRVchprpCj0Kc1K1xKoWaATWF1qg==",
			"dev": true
		},
		"detect-libc": {
			"version": "2.0.1",
			"resolved": "https://registry.npmjs.org/detect-libc/-/detect-libc-2.0.1.tgz",
			"integrity": "sha512-463v3ZeIrcWtdgIg6vI6XUncguvr2TnGl4SzDXinkt9mSLpBJKXT3mW6xT3VQdDN11+WVs29pgvivTc4Lp8v+w=="
		}
	}
}
